hash: 9e06079b0455cde748c5f485b212dc15ddee274534cbfb2296e0fc345f9e6651
updated: 2018-02-16T23:24:08.988987+05:30
imports:
- name: github.com/codegangsta/negroni
  version: 5dbbc83f748fc3ad38585842b0aedab546d0ea1e
- name: github.com/garyburd/redigo
  version: d1ed5c67e5794de818ea85e6b522fda02623a484
  subpackages:
  - redis
- name: github.com/gorilla/context
  version: 1ea25387ff6f684839d82767c1733ff4d4d15d0a
- name: github.com/gorilla/mux
  version: 53c1911da2b537f792e7cafcb446b05ffe33b996
- name: github.com/jmoiron/sqlx
  version: 05b81a7d5d38058e42148dc01f17daf4acba4640
  subpackages:
  - reflectx
- name: github.com/lib/pq
  version: ae8357db35d721c58dcdc911318b55bef6b1b001
- name: golang.org/x/crypto
  version: 6318898455d3ac20e7e44d0a080d43f8c3ff120b
  subpackages:
  - bcrypt
  - blowfish
testImports: []
